
Microsoft Visual Studio Solution File, Format Version 12.00
# Visual Studio 15
VisualStudioVersion = 15.0.27428.2027
MinimumVisualStudioVersion = 10.0.40219.1
Project("{FAE04EC0-301F-11D3-BF4B-00C04F79EFBC}") = "SiproModelCore", "SiproModelCore\SiproModelCore.csproj", "{A04689D9-B819-4650-A70B-4E106724DFC8}"
EndProject
Global
	GlobalSection(SolutionConfigurationPlatforms) = preSolution
		Debug|Any CPU = Debug|Any CPU
		Release|Any CPU = Release|Any CPU
	EndGlobalSection
	GlobalSection(ProjectConfigurationPlatforms) = postSolution
		{A04689D9-B819-4650-A70B-4E106724DFC8}.Debug|Any CPU.ActiveCfg = Debug|Any CPU
		{A04689D9-B819-4650-A70B-4E106724DFC8}.Debug|Any CPU.Build.0 = Debug|Any CPU
		{A04689D9-B819-4650-A70B-4E106724DFC8}.Release|Any CPU.ActiveCfg = Release|Any CPU
		{A04689D9-B819-4650-A70B-4E106724DFC8}.Release|Any CPU.Build.0 = Release|Any CPU
	EndGlobalSection
	GlobalSection(SolutionProperties) = preSolution
		HideSolutionNode = FALSE
	EndGlobalSection
	GlobalSection(ExtensibilityGlobals) = postSolution
		SolutionGuid = {F960199F-5CA9-4C67-826A-C30D57DA8D04}
	EndGlobalSection
EndGlobal
