
Microsoft Visual Studio Solution File, Format Version 12.00
# Visual Studio 15
VisualStudioVersion = 15.0.27428.2027
MinimumVisualStudioVersion = 10.0.40219.1
Project("{FAE04EC0-301F-11D3-BF4B-00C04F79EFBC}") = "Sipro", "Sipro\Sipro.csproj", "{BE1FA8C7-8086-4A94-9498-D7A38404D5DB}"
EndProject
Project("{FAE04EC0-301F-11D3-BF4B-00C04F79EFBC}") = "SiproModel", "SiproModel\SiproModel.csproj", "{B4FF5881-C2E8-4FB5-9876-984B8E6107D6}"
EndProject
Project("{FAE04EC0-301F-11D3-BF4B-00C04F79EFBC}") = "Dapper.SimpleCRUD", "Dapper.SimpleCRUD\Dapper.SimpleCRUD.csproj", "{D88D1D75-0BBD-4E66-ABE0-A077C85DC302}"
EndProject
Global
	GlobalSection(SolutionConfigurationPlatforms) = preSolution
		Debug|Any CPU = Debug|Any CPU
		Release|Any CPU = Release|Any CPU
	EndGlobalSection
	GlobalSection(ProjectConfigurationPlatforms) = postSolution
		{BE1FA8C7-8086-4A94-9498-D7A38404D5DB}.Debug|Any CPU.ActiveCfg = Debug|Any CPU
		{BE1FA8C7-8086-4A94-9498-D7A38404D5DB}.Debug|Any CPU.Build.0 = Debug|Any CPU
		{BE1FA8C7-8086-4A94-9498-D7A38404D5DB}.Release|Any CPU.ActiveCfg = Release|Any CPU
		{BE1FA8C7-8086-4A94-9498-D7A38404D5DB}.Release|Any CPU.Build.0 = Release|Any CPU
		{B4FF5881-C2E8-4FB5-9876-984B8E6107D6}.Debug|Any CPU.ActiveCfg = Debug|Any CPU
		{B4FF5881-C2E8-4FB5-9876-984B8E6107D6}.Debug|Any CPU.Build.0 = Debug|Any CPU
		{B4FF5881-C2E8-4FB5-9876-984B8E6107D6}.Release|Any CPU.ActiveCfg = Release|Any CPU
		{B4FF5881-C2E8-4FB5-9876-984B8E6107D6}.Release|Any CPU.Build.0 = Release|Any CPU
		{D88D1D75-0BBD-4E66-ABE0-A077C85DC302}.Debug|Any CPU.ActiveCfg = Debug|Any CPU
		{D88D1D75-0BBD-4E66-ABE0-A077C85DC302}.Debug|Any CPU.Build.0 = Debug|Any CPU
		{D88D1D75-0BBD-4E66-ABE0-A077C85DC302}.Release|Any CPU.ActiveCfg = Release|Any CPU
		{D88D1D75-0BBD-4E66-ABE0-A077C85DC302}.Release|Any CPU.Build.0 = Release|Any CPU
	EndGlobalSection
	GlobalSection(SolutionProperties) = preSolution
		HideSolutionNode = FALSE
	EndGlobalSection
	GlobalSection(ExtensibilityGlobals) = postSolution
		SolutionGuid = {6BB888BE-6FA0-400D-B0C9-9F121D0B435A}
	EndGlobalSection
EndGlobal
