
Microsoft Visual Studio Solution File, Format Version 12.00
# Visual Studio 15
VisualStudioVersion = 15.0.27428.2027
MinimumVisualStudioVersion = 10.0.40219.1
Project("{9A19103F-16F7-4668-BE54-9A1E7A4F7556}") = "Sipro", "Sipro\Sipro.csproj", "{BE1FA8C7-8086-4A94-9498-D7A38404D5DB}"
EndProject
Project("{9A19103F-16F7-4668-BE54-9A1E7A4F7556}") = "SiproDAO", "SiproDAO\SiproDAO\SiproDAO.csproj", "{66BB583D-F8D1-4D12-949E-B2D4E5E81C38}"
EndProject
Project("{9A19103F-16F7-4668-BE54-9A1E7A4F7556}") = "SCooperante", "SCooperante\SCooperante\SCooperante.csproj", "{E0BC0CBD-E2CF-4E6E-9D31-73E1C7FA2098}"
EndProject
Project("{9A19103F-16F7-4668-BE54-9A1E7A4F7556}") = "SiproModelCore", "SiproModelCore\SiproModelCore\SiproModelCore.csproj", "{7374D073-2D2C-45E4-96B7-B25EB22CADFC}"
EndProject
Project("{9A19103F-16F7-4668-BE54-9A1E7A4F7556}") = "Identity", "Identity\Identity.csproj", "{DF81DBD5-33EA-42EE-9D39-ABF02C846C00}"
EndProject
Project("{9A19103F-16F7-4668-BE54-9A1E7A4F7556}") = "Utilities", "Utilities\Utilities.csproj", "{5ED333D8-A0C7-48E7-90F6-889732124588}"
EndProject
Project("{FAE04EC0-301F-11D3-BF4B-00C04F79EFBC}") = "SiproModel", "SiproModel\SiproModel.csproj", "{B4FF5881-C2E8-4FB5-9876-984B8E6107D6}"
EndProject
Project("{9A19103F-16F7-4668-BE54-9A1E7A4F7556}") = "SUnidadEjecutora", "SUnidadEjecutora\SUnidadEjecutora.csproj", "{2384F117-4E14-47A7-A8F5-2579A0A30351}"
EndProject
Project("{9A19103F-16F7-4668-BE54-9A1E7A4F7556}") = "SEntidad", "SEntidad\SEntidad.csproj", "{C69DD18C-94CD-4C24-95A3-1EFCDFA9BA61}"
EndProject
Project("{9A19103F-16F7-4668-BE54-9A1E7A4F7556}") = "SPrestamoTipo", "SPrestamoTipo\SPrestamoTipo.csproj", "{4BA6633D-6C2E-49BF-80AC-1AC2C04A4F53}"
EndProject
Project("{9A19103F-16F7-4668-BE54-9A1E7A4F7556}") = "STipoMoneda", "STipoMoneda\STipoMoneda.csproj", "{A57D5FD8-A555-4DD9-A1DB-933344AA0159}"
EndProject
Project("{9A19103F-16F7-4668-BE54-9A1E7A4F7556}") = "SPrestamo", "SPrestamo\SPrestamo.csproj", "{14B93A42-86A5-4BEC-AFF6-55202D1D099B}"
EndProject
Project("{9A19103F-16F7-4668-BE54-9A1E7A4F7556}") = "SLogin", "SLogin\SLogin.csproj", "{CCEE0A75-77EC-46E9-8B51-964797BEF5D1}"
EndProject
Project("{FAE04EC0-301F-11D3-BF4B-00C04F79EFBC}") = "SiproModelAnalytic", "SiproModelAnalytic\SiproModelAnalytic.csproj", "{C0C7052E-08BD-4105-BAE4-AED32F5FFA2F}"
EndProject
Project("{9A19103F-16F7-4668-BE54-9A1E7A4F7556}") = "SiproModelAnalyticCore", "SiproModelAnalyticCore\SiproModelAnalyticCore.csproj", "{9351832F-765B-424B-B55E-FBFE431A7882}"
EndProject
Project("{2150E333-8FDC-42A3-9474-1A3956D46DE8}") = "Microservicios", "Microservicios", "{0DA1BD0E-A90E-4608-ACE8-5971B84A1019}"
EndProject
Project("{9A19103F-16F7-4668-BE54-9A1E7A4F7556}") = "SAcumulacionCosto", "SAcumulacionCosto\SAcumulacionCosto.csproj", "{D3EB5553-5662-4ACE-A715-59B8C43C3065}"
EndProject
Project("{9A19103F-16F7-4668-BE54-9A1E7A4F7556}") = "SAutorizacionTipo", "SAutorizacionTipo\SAutorizacionTipo.csproj", "{CECA2D01-6FFA-45D6-A80C-734D0DAB64F5}"
EndProject
Project("{9A19103F-16F7-4668-BE54-9A1E7A4F7556}") = "SDataSigade", "SDataSigade\SDataSigade.csproj", "{AC65A48F-79A1-4AAA-B1F3-5F103D7F63E6}"
EndProject
Project("{9A19103F-16F7-4668-BE54-9A1E7A4F7556}") = "SEjecucionEstado", "SEjecucionEstado\SEjecucionEstado.csproj", "{45130512-F77C-4975-A63D-CBCF9C3DBDC7}"
EndProject
Project("{9A19103F-16F7-4668-BE54-9A1E7A4F7556}") = "SInteresTipo", "SInteresTipo\SInteresTipo.csproj", "{68A7BE0E-953C-49F8-82C0-75AB40357A29}"
EndProject
Project("{9A19103F-16F7-4668-BE54-9A1E7A4F7556}") = "SPlanAdquisicion", "SPlanAdquisicion\SPlanAdquisicion.csproj", "{43278957-3541-4446-917C-B6048433EFB1}"
EndProject
Project("{9A19103F-16F7-4668-BE54-9A1E7A4F7556}") = "SPlanAdquisicionPago", "SPlanAdquisicionPago\SPlanAdquisicionPago.csproj", "{A77DEB72-6538-4EAB-AFDA-F036B54BF5D0}"
EndProject
Project("{9A19103F-16F7-4668-BE54-9A1E7A4F7556}") = "SProyecto", "SProyecto\SProyecto.csproj", "{EEDC3FD6-F0FB-438C-9154-AC2EE5ECCEF4}"
EndProject
Project("{9A19103F-16F7-4668-BE54-9A1E7A4F7556}") = "SiproFluentValidatorCore", "SiproFluentValidatorCore\SiproFluentValidatorCore.csproj", "{F73AEA78-BD16-4A7E-A810-C1AE300A5AFD}"
EndProject
Project("{FAE04EC0-301F-11D3-BF4B-00C04F79EFBC}") = "SiproFluentValidator", "SiproFluentValidator\SiproFluentValidator.csproj", "{7B86822D-8B74-4159-A985-1DA0BAF027D7}"
EndProject
Project("{9A19103F-16F7-4668-BE54-9A1E7A4F7556}") = "SDocumentoAdjunto", "SDocumentoAdjunto\SDocumentoAdjunto.csproj", "{64378689-581B-4C27-9773-987D1B558705}"
EndProject
Project("{9A19103F-16F7-4668-BE54-9A1E7A4F7556}") = "SUsuario", "SUsuario\SUsuario.csproj", "{F39CDD4C-9588-4C76-97B7-33AF4B9A2E40}"
EndProject
Project("{9A19103F-16F7-4668-BE54-9A1E7A4F7556}") = "SProyectoTipo", "SProyectoTipo\SProyectoTipo.csproj", "{AFC327B3-2E05-4101-B4E0-EEEC253A3E90}"
EndProject
Project("{9A19103F-16F7-4668-BE54-9A1E7A4F7556}") = "SProyectoPropiedad", "SProyectoPropiedad\SProyectoPropiedad.csproj", "{F54B5DE1-226C-4FF8-AEF2-5A41D10B23DD}"
EndProject
Project("{9A19103F-16F7-4668-BE54-9A1E7A4F7556}") = "SDatoTipo", "SDatoTipo\SDatoTipo.csproj", "{F0470B63-003F-490D-A5BF-8EFA3CAD48E6}"
EndProject
Project("{FAE04EC0-301F-11D3-BF4B-00C04F79EFBC}") = "SColaborador", "SColaborador\SColaborador.csproj", "{D0721455-CD49-4759-A991-055136640784}"
EndProject
Global
	GlobalSection(SolutionConfigurationPlatforms) = preSolution
		Debug|Any CPU = Debug|Any CPU
		Release|Any CPU = Release|Any CPU
	EndGlobalSection
	GlobalSection(ProjectConfigurationPlatforms) = postSolution
		{BE1FA8C7-8086-4A94-9498-D7A38404D5DB}.Debug|Any CPU.ActiveCfg = Debug|Any CPU
		{BE1FA8C7-8086-4A94-9498-D7A38404D5DB}.Debug|Any CPU.Build.0 = Debug|Any CPU
		{BE1FA8C7-8086-4A94-9498-D7A38404D5DB}.Release|Any CPU.ActiveCfg = Release|Any CPU
		{BE1FA8C7-8086-4A94-9498-D7A38404D5DB}.Release|Any CPU.Build.0 = Release|Any CPU
		{66BB583D-F8D1-4D12-949E-B2D4E5E81C38}.Debug|Any CPU.ActiveCfg = Debug|Any CPU
		{66BB583D-F8D1-4D12-949E-B2D4E5E81C38}.Debug|Any CPU.Build.0 = Debug|Any CPU
		{66BB583D-F8D1-4D12-949E-B2D4E5E81C38}.Release|Any CPU.ActiveCfg = Release|Any CPU
		{66BB583D-F8D1-4D12-949E-B2D4E5E81C38}.Release|Any CPU.Build.0 = Release|Any CPU
		{E0BC0CBD-E2CF-4E6E-9D31-73E1C7FA2098}.Debug|Any CPU.ActiveCfg = Debug|Any CPU
		{E0BC0CBD-E2CF-4E6E-9D31-73E1C7FA2098}.Debug|Any CPU.Build.0 = Debug|Any CPU
		{E0BC0CBD-E2CF-4E6E-9D31-73E1C7FA2098}.Release|Any CPU.ActiveCfg = Release|Any CPU
		{E0BC0CBD-E2CF-4E6E-9D31-73E1C7FA2098}.Release|Any CPU.Build.0 = Release|Any CPU
		{7374D073-2D2C-45E4-96B7-B25EB22CADFC}.Debug|Any CPU.ActiveCfg = Debug|Any CPU
		{7374D073-2D2C-45E4-96B7-B25EB22CADFC}.Debug|Any CPU.Build.0 = Debug|Any CPU
		{7374D073-2D2C-45E4-96B7-B25EB22CADFC}.Release|Any CPU.ActiveCfg = Release|Any CPU
		{7374D073-2D2C-45E4-96B7-B25EB22CADFC}.Release|Any CPU.Build.0 = Release|Any CPU
		{DF81DBD5-33EA-42EE-9D39-ABF02C846C00}.Debug|Any CPU.ActiveCfg = Debug|Any CPU
		{DF81DBD5-33EA-42EE-9D39-ABF02C846C00}.Debug|Any CPU.Build.0 = Debug|Any CPU
		{DF81DBD5-33EA-42EE-9D39-ABF02C846C00}.Release|Any CPU.ActiveCfg = Release|Any CPU
		{DF81DBD5-33EA-42EE-9D39-ABF02C846C00}.Release|Any CPU.Build.0 = Release|Any CPU
		{5ED333D8-A0C7-48E7-90F6-889732124588}.Debug|Any CPU.ActiveCfg = Debug|Any CPU
		{5ED333D8-A0C7-48E7-90F6-889732124588}.Debug|Any CPU.Build.0 = Debug|Any CPU
		{5ED333D8-A0C7-48E7-90F6-889732124588}.Release|Any CPU.ActiveCfg = Release|Any CPU
		{5ED333D8-A0C7-48E7-90F6-889732124588}.Release|Any CPU.Build.0 = Release|Any CPU
		{B4FF5881-C2E8-4FB5-9876-984B8E6107D6}.Debug|Any CPU.ActiveCfg = Debug|Any CPU
		{B4FF5881-C2E8-4FB5-9876-984B8E6107D6}.Debug|Any CPU.Build.0 = Debug|Any CPU
		{B4FF5881-C2E8-4FB5-9876-984B8E6107D6}.Release|Any CPU.ActiveCfg = Release|Any CPU
		{B4FF5881-C2E8-4FB5-9876-984B8E6107D6}.Release|Any CPU.Build.0 = Release|Any CPU
		{2384F117-4E14-47A7-A8F5-2579A0A30351}.Debug|Any CPU.ActiveCfg = Debug|Any CPU
		{2384F117-4E14-47A7-A8F5-2579A0A30351}.Debug|Any CPU.Build.0 = Debug|Any CPU
		{2384F117-4E14-47A7-A8F5-2579A0A30351}.Release|Any CPU.ActiveCfg = Release|Any CPU
		{2384F117-4E14-47A7-A8F5-2579A0A30351}.Release|Any CPU.Build.0 = Release|Any CPU
		{C69DD18C-94CD-4C24-95A3-1EFCDFA9BA61}.Debug|Any CPU.ActiveCfg = Debug|Any CPU
		{C69DD18C-94CD-4C24-95A3-1EFCDFA9BA61}.Debug|Any CPU.Build.0 = Debug|Any CPU
		{C69DD18C-94CD-4C24-95A3-1EFCDFA9BA61}.Release|Any CPU.ActiveCfg = Release|Any CPU
		{C69DD18C-94CD-4C24-95A3-1EFCDFA9BA61}.Release|Any CPU.Build.0 = Release|Any CPU
		{4BA6633D-6C2E-49BF-80AC-1AC2C04A4F53}.Debug|Any CPU.ActiveCfg = Debug|Any CPU
		{4BA6633D-6C2E-49BF-80AC-1AC2C04A4F53}.Debug|Any CPU.Build.0 = Debug|Any CPU
		{4BA6633D-6C2E-49BF-80AC-1AC2C04A4F53}.Release|Any CPU.ActiveCfg = Release|Any CPU
		{4BA6633D-6C2E-49BF-80AC-1AC2C04A4F53}.Release|Any CPU.Build.0 = Release|Any CPU
		{A57D5FD8-A555-4DD9-A1DB-933344AA0159}.Debug|Any CPU.ActiveCfg = Debug|Any CPU
		{A57D5FD8-A555-4DD9-A1DB-933344AA0159}.Debug|Any CPU.Build.0 = Debug|Any CPU
		{A57D5FD8-A555-4DD9-A1DB-933344AA0159}.Release|Any CPU.ActiveCfg = Release|Any CPU
		{A57D5FD8-A555-4DD9-A1DB-933344AA0159}.Release|Any CPU.Build.0 = Release|Any CPU
		{14B93A42-86A5-4BEC-AFF6-55202D1D099B}.Debug|Any CPU.ActiveCfg = Debug|Any CPU
		{14B93A42-86A5-4BEC-AFF6-55202D1D099B}.Debug|Any CPU.Build.0 = Debug|Any CPU
		{14B93A42-86A5-4BEC-AFF6-55202D1D099B}.Release|Any CPU.ActiveCfg = Release|Any CPU
		{14B93A42-86A5-4BEC-AFF6-55202D1D099B}.Release|Any CPU.Build.0 = Release|Any CPU
		{CCEE0A75-77EC-46E9-8B51-964797BEF5D1}.Debug|Any CPU.ActiveCfg = Debug|Any CPU
		{CCEE0A75-77EC-46E9-8B51-964797BEF5D1}.Debug|Any CPU.Build.0 = Debug|Any CPU
		{CCEE0A75-77EC-46E9-8B51-964797BEF5D1}.Release|Any CPU.ActiveCfg = Release|Any CPU
		{CCEE0A75-77EC-46E9-8B51-964797BEF5D1}.Release|Any CPU.Build.0 = Release|Any CPU
		{C0C7052E-08BD-4105-BAE4-AED32F5FFA2F}.Debug|Any CPU.ActiveCfg = Debug|Any CPU
		{C0C7052E-08BD-4105-BAE4-AED32F5FFA2F}.Debug|Any CPU.Build.0 = Debug|Any CPU
		{C0C7052E-08BD-4105-BAE4-AED32F5FFA2F}.Release|Any CPU.ActiveCfg = Release|Any CPU
		{C0C7052E-08BD-4105-BAE4-AED32F5FFA2F}.Release|Any CPU.Build.0 = Release|Any CPU
		{9351832F-765B-424B-B55E-FBFE431A7882}.Debug|Any CPU.ActiveCfg = Debug|Any CPU
		{9351832F-765B-424B-B55E-FBFE431A7882}.Debug|Any CPU.Build.0 = Debug|Any CPU
		{9351832F-765B-424B-B55E-FBFE431A7882}.Release|Any CPU.ActiveCfg = Release|Any CPU
		{9351832F-765B-424B-B55E-FBFE431A7882}.Release|Any CPU.Build.0 = Release|Any CPU
		{D3EB5553-5662-4ACE-A715-59B8C43C3065}.Debug|Any CPU.ActiveCfg = Debug|Any CPU
		{D3EB5553-5662-4ACE-A715-59B8C43C3065}.Debug|Any CPU.Build.0 = Debug|Any CPU
		{D3EB5553-5662-4ACE-A715-59B8C43C3065}.Release|Any CPU.ActiveCfg = Release|Any CPU
		{D3EB5553-5662-4ACE-A715-59B8C43C3065}.Release|Any CPU.Build.0 = Release|Any CPU
		{CECA2D01-6FFA-45D6-A80C-734D0DAB64F5}.Debug|Any CPU.ActiveCfg = Debug|Any CPU
		{CECA2D01-6FFA-45D6-A80C-734D0DAB64F5}.Debug|Any CPU.Build.0 = Debug|Any CPU
		{CECA2D01-6FFA-45D6-A80C-734D0DAB64F5}.Release|Any CPU.ActiveCfg = Release|Any CPU
		{CECA2D01-6FFA-45D6-A80C-734D0DAB64F5}.Release|Any CPU.Build.0 = Release|Any CPU
		{AC65A48F-79A1-4AAA-B1F3-5F103D7F63E6}.Debug|Any CPU.ActiveCfg = Debug|Any CPU
		{AC65A48F-79A1-4AAA-B1F3-5F103D7F63E6}.Debug|Any CPU.Build.0 = Debug|Any CPU
		{AC65A48F-79A1-4AAA-B1F3-5F103D7F63E6}.Release|Any CPU.ActiveCfg = Release|Any CPU
		{AC65A48F-79A1-4AAA-B1F3-5F103D7F63E6}.Release|Any CPU.Build.0 = Release|Any CPU
		{45130512-F77C-4975-A63D-CBCF9C3DBDC7}.Debug|Any CPU.ActiveCfg = Debug|Any CPU
		{45130512-F77C-4975-A63D-CBCF9C3DBDC7}.Debug|Any CPU.Build.0 = Debug|Any CPU
		{45130512-F77C-4975-A63D-CBCF9C3DBDC7}.Release|Any CPU.ActiveCfg = Release|Any CPU
		{45130512-F77C-4975-A63D-CBCF9C3DBDC7}.Release|Any CPU.Build.0 = Release|Any CPU
		{68A7BE0E-953C-49F8-82C0-75AB40357A29}.Debug|Any CPU.ActiveCfg = Debug|Any CPU
		{68A7BE0E-953C-49F8-82C0-75AB40357A29}.Debug|Any CPU.Build.0 = Debug|Any CPU
		{68A7BE0E-953C-49F8-82C0-75AB40357A29}.Release|Any CPU.ActiveCfg = Release|Any CPU
		{68A7BE0E-953C-49F8-82C0-75AB40357A29}.Release|Any CPU.Build.0 = Release|Any CPU
		{43278957-3541-4446-917C-B6048433EFB1}.Debug|Any CPU.ActiveCfg = Debug|Any CPU
		{43278957-3541-4446-917C-B6048433EFB1}.Debug|Any CPU.Build.0 = Debug|Any CPU
		{43278957-3541-4446-917C-B6048433EFB1}.Release|Any CPU.ActiveCfg = Release|Any CPU
		{43278957-3541-4446-917C-B6048433EFB1}.Release|Any CPU.Build.0 = Release|Any CPU
		{A77DEB72-6538-4EAB-AFDA-F036B54BF5D0}.Debug|Any CPU.ActiveCfg = Debug|Any CPU
		{A77DEB72-6538-4EAB-AFDA-F036B54BF5D0}.Debug|Any CPU.Build.0 = Debug|Any CPU
		{A77DEB72-6538-4EAB-AFDA-F036B54BF5D0}.Release|Any CPU.ActiveCfg = Release|Any CPU
		{A77DEB72-6538-4EAB-AFDA-F036B54BF5D0}.Release|Any CPU.Build.0 = Release|Any CPU
		{EEDC3FD6-F0FB-438C-9154-AC2EE5ECCEF4}.Debug|Any CPU.ActiveCfg = Debug|Any CPU
		{EEDC3FD6-F0FB-438C-9154-AC2EE5ECCEF4}.Debug|Any CPU.Build.0 = Debug|Any CPU
		{EEDC3FD6-F0FB-438C-9154-AC2EE5ECCEF4}.Release|Any CPU.ActiveCfg = Release|Any CPU
		{EEDC3FD6-F0FB-438C-9154-AC2EE5ECCEF4}.Release|Any CPU.Build.0 = Release|Any CPU
		{F73AEA78-BD16-4A7E-A810-C1AE300A5AFD}.Debug|Any CPU.ActiveCfg = Debug|Any CPU
		{F73AEA78-BD16-4A7E-A810-C1AE300A5AFD}.Debug|Any CPU.Build.0 = Debug|Any CPU
		{F73AEA78-BD16-4A7E-A810-C1AE300A5AFD}.Release|Any CPU.ActiveCfg = Release|Any CPU
		{F73AEA78-BD16-4A7E-A810-C1AE300A5AFD}.Release|Any CPU.Build.0 = Release|Any CPU
		{7B86822D-8B74-4159-A985-1DA0BAF027D7}.Debug|Any CPU.ActiveCfg = Debug|Any CPU
		{7B86822D-8B74-4159-A985-1DA0BAF027D7}.Debug|Any CPU.Build.0 = Debug|Any CPU
		{7B86822D-8B74-4159-A985-1DA0BAF027D7}.Release|Any CPU.ActiveCfg = Release|Any CPU
		{7B86822D-8B74-4159-A985-1DA0BAF027D7}.Release|Any CPU.Build.0 = Release|Any CPU
		{64378689-581B-4C27-9773-987D1B558705}.Debug|Any CPU.ActiveCfg = Debug|Any CPU
		{64378689-581B-4C27-9773-987D1B558705}.Debug|Any CPU.Build.0 = Debug|Any CPU
		{64378689-581B-4C27-9773-987D1B558705}.Release|Any CPU.ActiveCfg = Release|Any CPU
		{64378689-581B-4C27-9773-987D1B558705}.Release|Any CPU.Build.0 = Release|Any CPU
		{F39CDD4C-9588-4C76-97B7-33AF4B9A2E40}.Debug|Any CPU.ActiveCfg = Debug|Any CPU
		{F39CDD4C-9588-4C76-97B7-33AF4B9A2E40}.Debug|Any CPU.Build.0 = Debug|Any CPU
		{F39CDD4C-9588-4C76-97B7-33AF4B9A2E40}.Release|Any CPU.ActiveCfg = Release|Any CPU
		{F39CDD4C-9588-4C76-97B7-33AF4B9A2E40}.Release|Any CPU.Build.0 = Release|Any CPU
		{AFC327B3-2E05-4101-B4E0-EEEC253A3E90}.Debug|Any CPU.ActiveCfg = Debug|Any CPU
		{AFC327B3-2E05-4101-B4E0-EEEC253A3E90}.Debug|Any CPU.Build.0 = Debug|Any CPU
		{AFC327B3-2E05-4101-B4E0-EEEC253A3E90}.Release|Any CPU.ActiveCfg = Release|Any CPU
		{AFC327B3-2E05-4101-B4E0-EEEC253A3E90}.Release|Any CPU.Build.0 = Release|Any CPU
		{F54B5DE1-226C-4FF8-AEF2-5A41D10B23DD}.Debug|Any CPU.ActiveCfg = Debug|Any CPU
		{F54B5DE1-226C-4FF8-AEF2-5A41D10B23DD}.Debug|Any CPU.Build.0 = Debug|Any CPU
		{F54B5DE1-226C-4FF8-AEF2-5A41D10B23DD}.Release|Any CPU.ActiveCfg = Release|Any CPU
		{F54B5DE1-226C-4FF8-AEF2-5A41D10B23DD}.Release|Any CPU.Build.0 = Release|Any CPU
		{F0470B63-003F-490D-A5BF-8EFA3CAD48E6}.Debug|Any CPU.ActiveCfg = Debug|Any CPU
		{F0470B63-003F-490D-A5BF-8EFA3CAD48E6}.Debug|Any CPU.Build.0 = Debug|Any CPU
		{F0470B63-003F-490D-A5BF-8EFA3CAD48E6}.Release|Any CPU.ActiveCfg = Release|Any CPU
		{F0470B63-003F-490D-A5BF-8EFA3CAD48E6}.Release|Any CPU.Build.0 = Release|Any CPU
		{D0721455-CD49-4759-A991-055136640784}.Debug|Any CPU.ActiveCfg = Debug|Any CPU
		{D0721455-CD49-4759-A991-055136640784}.Debug|Any CPU.Build.0 = Debug|Any CPU
		{D0721455-CD49-4759-A991-055136640784}.Release|Any CPU.ActiveCfg = Release|Any CPU
		{D0721455-CD49-4759-A991-055136640784}.Release|Any CPU.Build.0 = Release|Any CPU
	EndGlobalSection
	GlobalSection(SolutionProperties) = preSolution
		HideSolutionNode = FALSE
	EndGlobalSection
	GlobalSection(NestedProjects) = preSolution
		{E0BC0CBD-E2CF-4E6E-9D31-73E1C7FA2098} = {0DA1BD0E-A90E-4608-ACE8-5971B84A1019}
		{2384F117-4E14-47A7-A8F5-2579A0A30351} = {0DA1BD0E-A90E-4608-ACE8-5971B84A1019}
		{C69DD18C-94CD-4C24-95A3-1EFCDFA9BA61} = {0DA1BD0E-A90E-4608-ACE8-5971B84A1019}
		{4BA6633D-6C2E-49BF-80AC-1AC2C04A4F53} = {0DA1BD0E-A90E-4608-ACE8-5971B84A1019}
		{A57D5FD8-A555-4DD9-A1DB-933344AA0159} = {0DA1BD0E-A90E-4608-ACE8-5971B84A1019}
		{14B93A42-86A5-4BEC-AFF6-55202D1D099B} = {0DA1BD0E-A90E-4608-ACE8-5971B84A1019}
		{CCEE0A75-77EC-46E9-8B51-964797BEF5D1} = {0DA1BD0E-A90E-4608-ACE8-5971B84A1019}
		{D3EB5553-5662-4ACE-A715-59B8C43C3065} = {0DA1BD0E-A90E-4608-ACE8-5971B84A1019}
		{CECA2D01-6FFA-45D6-A80C-734D0DAB64F5} = {0DA1BD0E-A90E-4608-ACE8-5971B84A1019}
		{AC65A48F-79A1-4AAA-B1F3-5F103D7F63E6} = {0DA1BD0E-A90E-4608-ACE8-5971B84A1019}
		{45130512-F77C-4975-A63D-CBCF9C3DBDC7} = {0DA1BD0E-A90E-4608-ACE8-5971B84A1019}
		{68A7BE0E-953C-49F8-82C0-75AB40357A29} = {0DA1BD0E-A90E-4608-ACE8-5971B84A1019}
		{43278957-3541-4446-917C-B6048433EFB1} = {0DA1BD0E-A90E-4608-ACE8-5971B84A1019}
		{A77DEB72-6538-4EAB-AFDA-F036B54BF5D0} = {0DA1BD0E-A90E-4608-ACE8-5971B84A1019}
		{EEDC3FD6-F0FB-438C-9154-AC2EE5ECCEF4} = {0DA1BD0E-A90E-4608-ACE8-5971B84A1019}
		{64378689-581B-4C27-9773-987D1B558705} = {0DA1BD0E-A90E-4608-ACE8-5971B84A1019}
		{F39CDD4C-9588-4C76-97B7-33AF4B9A2E40} = {0DA1BD0E-A90E-4608-ACE8-5971B84A1019}
		{AFC327B3-2E05-4101-B4E0-EEEC253A3E90} = {0DA1BD0E-A90E-4608-ACE8-5971B84A1019}
		{F54B5DE1-226C-4FF8-AEF2-5A41D10B23DD} = {0DA1BD0E-A90E-4608-ACE8-5971B84A1019}
		{F0470B63-003F-490D-A5BF-8EFA3CAD48E6} = {0DA1BD0E-A90E-4608-ACE8-5971B84A1019}
		{D0721455-CD49-4759-A991-055136640784} = {0DA1BD0E-A90E-4608-ACE8-5971B84A1019}
	EndGlobalSection
	GlobalSection(ExtensibilityGlobals) = postSolution
		SolutionGuid = {6BB888BE-6FA0-400D-B0C9-9F121D0B435A}
	EndGlobalSection
EndGlobal
